
Microsoft Visual Studio Solution File, Format Version 12.00
# Visual Studio Version 17
VisualStudioVersion = 17.12.35707.178
MinimumVisualStudioVersion = 10.0.40219.1
Project("{FAE04EC0-301F-11D3-BF4B-00C04F79EFBC}") = "BulkyWeb", "BulkyWeb\BulkyWeb.csproj", "{B962DEB7-EDD7-45B4-BA3B-219C2F83D8FB}"
EndProject
Project("{FAE04EC0-301F-11D3-BF4B-00C04F79EFBC}") = "Bulky.DataAccess", "Bulky.DataAccess\Bulky.DataAccess.csproj", "{477401F1-F981-488D-88BC-FC0B75BF973F}"
EndProject
Project("{FAE04EC0-301F-11D3-BF4B-00C04F79EFBC}") = "Bulky.Models", "Bulky.Models\Bulky.Models.csproj", "{6DE49E54-9750-42EC-A872-CDB352080218}"
EndProject
Project("{FAE04EC0-301F-11D3-BF4B-00C04F79EFBC}") = "Bulky.Utility", "Bulky.Utility\Bulky.Utility.csproj", "{F13E9ECB-0636-4C85-806F-39655A56B800}"
EndProject
Global
	GlobalSection(SolutionConfigurationPlatforms) = preSolution
		Debug|Any CPU = Debug|Any CPU
		Release|Any CPU = Release|Any CPU
	EndGlobalSection
	GlobalSection(ProjectConfigurationPlatforms) = postSolution
		{B962DEB7-EDD7-45B4-BA3B-219C2F83D8FB}.Debug|Any CPU.ActiveCfg = Debug|Any CPU
		{B962DEB7-EDD7-45B4-BA3B-219C2F83D8FB}.Debug|Any CPU.Build.0 = Debug|Any CPU
		{B962DEB7-EDD7-45B4-BA3B-219C2F83D8FB}.Release|Any CPU.ActiveCfg = Release|Any CPU
		{B962DEB7-EDD7-45B4-BA3B-219C2F83D8FB}.Release|Any CPU.Build.0 = Release|Any CPU
		{477401F1-F981-488D-88BC-FC0B75BF973F}.Debug|Any CPU.ActiveCfg = Debug|Any CPU
		{477401F1-F981-488D-88BC-FC0B75BF973F}.Debug|Any CPU.Build.0 = Debug|Any CPU
		{477401F1-F981-488D-88BC-FC0B75BF973F}.Release|Any CPU.ActiveCfg = Release|Any CPU
		{477401F1-F981-488D-88BC-FC0B75BF973F}.Release|Any CPU.Build.0 = Release|Any CPU
		{6DE49E54-9750-42EC-A872-CDB352080218}.Debug|Any CPU.ActiveCfg = Debug|Any CPU
		{6DE49E54-9750-42EC-A872-CDB352080218}.Debug|Any CPU.Build.0 = Debug|Any CPU
		{6DE49E54-9750-42EC-A872-CDB352080218}.Release|Any CPU.ActiveCfg = Release|Any CPU
		{6DE49E54-9750-42EC-A872-CDB352080218}.Release|Any CPU.Build.0 = Release|Any CPU
		{F13E9ECB-0636-4C85-806F-39655A56B800}.Debug|Any CPU.ActiveCfg = Debug|Any CPU
		{F13E9ECB-0636-4C85-806F-39655A56B800}.Debug|Any CPU.Build.0 = Debug|Any CPU
		{F13E9ECB-0636-4C85-806F-39655A56B800}.Release|Any CPU.ActiveCfg = Release|Any CPU
		{F13E9ECB-0636-4C85-806F-39655A56B800}.Release|Any CPU.Build.0 = Release|Any CPU
	EndGlobalSection
	GlobalSection(SolutionProperties) = preSolution
		HideSolutionNode = FALSE
	EndGlobalSection
EndGlobal
